Microsoft Visual Studio Solution File, Format Version 12.00
# Visual Studio Version 17
VisualStudioVersion = 17.5.2.0
MinimumVisualStudioVersion = 10.0.40219.1
Project("{FAE04EC0-301F-11D3-BF4B-00C04F79EFBC}") = "CineMaxCOL_BILL", "CineMaxCOL_BILL\CineMaxCOL_BILL.csproj", "{DC47944A-D7E2-F280-2918-12352690BC05}"
EndProject
Project("{FAE04EC0-301F-11D3-BF4B-00C04F79EFBC}") = "CineMaxCOL_DAL", "CineMaxCOL_DAL\CineMaxCOL_DAL.csproj", "{3D1F290E-E721-5D78-2EA6-F37AADB79035}"
EndProject
Project("{FAE04EC0-301F-11D3-BF4B-00C04F79EFBC}") = "CineMaxCOL_Entity", "CineMaxCOL_Entity\CineMaxCOL_Entity.csproj", "{135C1CF3-4DB4-FA58-9943-A3D3781465F2}"
EndProject
Project("{FAE04EC0-301F-11D3-BF4B-00C04F79EFBC}") = "CineMaxCOL_Web", "CineMaxCOL_Web\CineMaxCOL_Web.csproj", "{FA72358D-2059-1CEA-CA32-E315DC049CD9}"
EndProject
Global
	GlobalSection(SolutionConfigurationPlatforms) = preSolution
		Debug|Any CPU = Debug|Any CPU
		Release|Any CPU = Release|Any CPU
	EndGlobalSection
	GlobalSection(ProjectConfigurationPlatforms) = postSolution
		{DC47944A-D7E2-F280-2918-12352690BC05}.Debug|Any CPU.ActiveCfg = Debug|Any CPU
		{DC47944A-D7E2-F280-2918-12352690BC05}.Debug|Any CPU.Build.0 = Debug|Any CPU
		{DC47944A-D7E2-F280-2918-12352690BC05}.Release|Any CPU.ActiveCfg = Release|Any CPU
		{DC47944A-D7E2-F280-2918-12352690BC05}.Release|Any CPU.Build.0 = Release|Any CPU
		{3D1F290E-E721-5D78-2EA6-F37AADB79035}.Debug|Any CPU.ActiveCfg = Debug|Any CPU
		{3D1F290E-E721-5D78-2EA6-F37AADB79035}.Debug|Any CPU.Build.0 = Debug|Any CPU
		{3D1F290E-E721-5D78-2EA6-F37AADB79035}.Release|Any CPU.ActiveCfg = Release|Any CPU
		{3D1F290E-E721-5D78-2EA6-F37AADB79035}.Release|Any CPU.Build.0 = Release|Any CPU
		{135C1CF3-4DB4-FA58-9943-A3D3781465F2}.Debug|Any CPU.ActiveCfg = Debug|Any CPU
		{135C1CF3-4DB4-FA58-9943-A3D3781465F2}.Debug|Any CPU.Build.0 = Debug|Any CPU
		{135C1CF3-4DB4-FA58-9943-A3D3781465F2}.Release|Any CPU.ActiveCfg = Release|Any CPU
		{135C1CF3-4DB4-FA58-9943-A3D3781465F2}.Release|Any CPU.Build.0 = Release|Any CPU
		{FA72358D-2059-1CEA-CA32-E315DC049CD9}.Debug|Any CPU.ActiveCfg = Debug|Any CPU
		{FA72358D-2059-1CEA-CA32-E315DC049CD9}.Debug|Any CPU.Build.0 = Debug|Any CPU
		{FA72358D-2059-1CEA-CA32-E315DC049CD9}.Release|Any CPU.ActiveCfg = Release|Any CPU
		{FA72358D-2059-1CEA-CA32-E315DC049CD9}.Release|Any CPU.Build.0 = Release|Any CPU
	EndGlobalSection
	GlobalSection(SolutionProperties) = preSolution
		HideSolutionNode = FALSE
	EndGlobalSection
	GlobalSection(ExtensibilityGlobals) = postSolution
		SolutionGuid = {993EE061-68CC-4387-A206-36B0D273326C}
	EndGlobalSection
EndGlobal
